// !$*UTF8*$!
{
	archiveVersion = 1;
	classes = {
	};
	objectVersion = 46;
	objects = {

/* Begin PBXBuildFile section */
		C929D2891CB6126D00851272 /* AppDelegate.swift in Sources */ = {isa = PBXBuildFile; fileRef = C929D2881CB6126D00851272 /* AppDelegate.swift */; };
		C929D28B1CB6126D00851272 /* ViewController.swift in Sources */ = {isa = PBXBuildFile; fileRef = C929D28A1CB6126D00851272 /* ViewController.swift */; };
		C929D28E1CB6126D00851272 /* Main.storyboard in Resources */ = {isa = PBXBuildFile; fileRef = C929D28C1CB6126D00851272 /* Main.storyboard */; };
		C929D2901CB6126D00851272 /* Assets.xcassets in Resources */ = {isa = PBXBuildFile; fileRef = C929D28F1CB6126D00851272 /* Assets.xcassets */; };
		C929D2931CB6126D00851272 /* LaunchScreen.storyboard in Resources */ = {isa = PBXBuildFile; fileRef = C929D2911CB6126D00851272 /* LaunchScreen.storyboard */; };
		C929D29D1CB6138200851272 /* Model.swift in Sources */ = {isa = PBXBuildFile; fileRef = C929D29C1CB6138200851272 /* Model.swift */; };
		C929D29F1CB6159500851272 /* TileView.swift in Sources */ = {isa = PBXBuildFile; fileRef = C929D29E1CB6159500851272 /* TileView.swift */; };
/* End PBXBuildFile section */

/* Begin PBXFileReference section */
		C929D2851CB6126D00851272 /* Assignment1.app */ = {isa = PBXFileReference; explicitFileType = wrapper.application; includeInIndex = 0; path = Assignment1.app; sourceTree = BUILT_PRODUCTS_DIR; };
		C929D2881CB6126D00851272 /* AppDelegate.swift */ = {isa = PBXFileReference; lastKnownFileType = sourcecode.swift; path = AppDelegate.swift; sourceTree = "<group>"; };
		C929D28A1CB6126D00851272 /* ViewController.swift */ = {isa = PBXFileReference; lastKnownFileType = sourcecode.swift; path = ViewController.swift; sourceTree = "<group>"; };
		C929D28D1CB6126D00851272 /* Base */ = {isa = PBXFileReference; lastKnownFileType = file.storyboard; name = Base; path = Base.lproj/Main.storyboard; sourceTree = "<group>"; };
		C929D28F1CB6126D00851272 /* Assets.xcassets */ = {isa = PBXFileReference; lastKnownFileType = folder.assetcatalog; path = Assets.xcassets; sourceTree = "<group>"; };
		C929D2921CB6126D00851272 /* Base */ = {isa = PBXFileReference; lastKnownFileType = file.storyboard; name = Base; path = Base.lproj/LaunchScreen.storyboard; sourceTree = "<group>"; };
		C929D2941CB6126D00851272 /* Info.plist */ = {isa = PBXFileReference; lastKnownFileType = text.plist.xml; path = Info.plist; sourceTree = "<group>"; };
		C929D29C1CB6138200851272 /* Model.swift */ = {isa = PBXFileReference; fileEncoding = 4; lastKnownFileType = sourcecode.swift; path = Model.swift; sourceTree = "<group>"; };
		C929D29E1CB6159500851272 /* TileView.swift */ = {isa = PBXFileReference; fileEncoding = 4; lastKnownFileType = sourcecode.swift; path = TileView.swift; sourceTree = "<group>"; };
/* End PBXFileReference section */

/* Begin PBXFrameworksBuildPhase section */
		C929D2821CB6126D00851272 /* Frameworks */ = {
			isa = PBXFrameworksBuildPhase;
			buildActionMask = 2147483647;
			files = (
			);
			runOnlyForDeploymentPostprocessing = 0;
		};
/* End PBXFrameworksBuildPhase section */

/* Begin PBXGroup section */
		C929D27C1CB6126D00851272 = {
			isa = PBXGroup;
			children = (
				C929D2871CB6126D00851272 /* Assignment1 */,
				C929D2861CB6126D00851272 /* Products */,
			);
			sourceTree = "<group>";
		};
		C929D2861CB6126D00851272 /* Products */ = {
			isa = PBXGroup;
			children = (
				C929D2851CB6126D00851272 /* Assignment1.app */,
			);
			name = Products;
			sourceTree = "<group>";
		};
		C929D2871CB6126D00851272 /* Assignment1 */ = {
			isa = PBXGroup;
			children = (
				C929D2881CB6126D00851272 /* AppDelegate.swift */,
				C929D28A1CB6126D00851272 /* ViewController.swift */,
				C929D28C1CB6126D00851272 /* Main.storyboard */,
				C929D28F1CB6126D00851272 /* Assets.xcassets */,
				C929D2911CB6126D00851272 /* LaunchScreen.storyboard */,
				C929D2941CB6126D00851272 /* Info.plist */,
				C929D29C1CB6138200851272 /* Model.swift */,
				C929D29E1CB6159500851272 /* TileView.swift */,
			);
			path = Assignment1;
			sourceTree = "<group>";
		};
/* End PBXGroup section */

/* Begin PBXNativeTarget section */
		C929D2841CB6126D00851272 /* Assignment1 */ = {
			isa = PBXNativeTarget;
			buildConfigurationList = C929D2971CB6126D00851272 /* Build configuration list for PBXNativeTarget "Assignment1" */;
			buildPhases = (
				C929D2811CB6126D00851272 /* Sources */,
				C929D2821CB6126D00851272 /* Frameworks */,
				C929D2831CB6126D00851272 /* Resources */,
			);
			buildRules = (
			);
			dependencies = (
			);
			name = Assignment1;
			productName = Assignment1;
			productReference = C929D2851CB6126D00851272 /* Assignment1.app */;
			productType = "com.apple.product-type.application";
		};
/* End PBXNativeTarget section */

/* Begin PBXProject section */
		C929D27D1CB6126D00851272 /* Project object */ = {
			isa = PBXProject;
			attributes = {
				LastSwiftUpdateCheck = 0730;
				LastUpgradeCheck = 0730;
				ORGANIZATIONNAME = "Matthew Saliba";
				TargetAttributes = {
					C929D2841CB6126D00851272 = {
						CreatedOnToolsVersion = 7.3;
					};
				};
			};
			buildConfigurationList = C929D2801CB6126D00851272 /* Build configuration list for PBXProject "Assignment1" */;
			compatibilityVersion = "Xcode 3.2";
			developmentRegion = English;
			hasScannedForEncodings = 0;
			knownRegions = (
				en,
				Base,
			);
			mainGroup = C929D27C1CB6126D00851272;
			productRefGroup = C929D2861CB6126D00851272 /* Products */;
			projectDirPath = "";
			projectRoot = "";
			targets = (
				C929D2841CB6126D00851272 /* Assignment1 */,
			);
		};
/* End PBXProject section */

/* Begin PBXResourcesBuildPhase section */
		C929D2831CB6126D00851272 /* Resources */ = {
			isa = PBXResourcesBuildPhase;
			buildActionMask = 2147483647;
			files = (
				C929D2931CB6126D00851272 /* LaunchScreen.storyboard in Resources */,
				C929D2901CB6126D00851272 /* Assets.xcassets in Resources */,
				C929D28E1CB6126D00851272 /* Main.storyboard in Resources */,
			);
			runOnlyForDeploymentPostprocessing = 0;
		};
/* End PBXResourcesBuildPhase section */

/* Begin PBXSourcesBuildPhase section */
		C929D2811CB6126D00851272 /* Sources */ = {
			isa = PBXSourcesBuildPhase;
			buildActionMask = 2147483647;
			files = (
				C929D29D1CB6138200851272 /* Model.swift in Sources */,
				C929D28B1CB6126D00851272 /* ViewController.swift in Sources */,
				C929D29F1CB6159500851272 /* TileView.swift in Sources */,
				C929D2891CB6126D00851272 /* AppDelegate.swift in Sources */,
			);
			runOnlyForDeploymentPostprocessing = 0;
		};
/* End PBXSourcesBuildPhase section */

/* Begin PBXVariantGroup section */
		C929D28C1CB6126D00851272 /* Main.storyboard */ = {
			isa = PBXVariantGroup;
			children = (
				C929D28D1CB6126D00851272 /* Base */,
			);
			name = Main.storyboard;
			sourceTree = "<group>";
		};
		C929D2911CB6126D00851272 /* LaunchScreen.storyboard */ = {
			isa = PBXVariantGroup;
			children = (
				C929D2921CB6126D00851272 /* Base */,
			);
			name = LaunchScreen.storyboard;
			sourceTree = "<group>";
		};
/* End PBXVariantGroup section */

/* Begin XCBuildConfiguration section */
		C929D2951CB6126D00851272 /* Debug */ = {
			isa = XCBuildConfiguration;
			buildSettings = {
				ALWAYS_SEARCH_USER_PATHS = NO;
				CLANG_ANALYZER_NONNULL = YES;
				CLANG_CXX_LANGUAGE_STANDARD = "gnu++0x";
				CLANG_CXX_LIBRARY = "libc++";
				CLANG_ENABLE_MODULES = YES;
				CLANG_ENABLE_OBJC_ARC = YES;
				CLANG_WARN_BOOL_CONVERSION = YES;
				CLANG_WARN_CONSTANT_CONVERSION = YES;
				CLANG_WARN_DIRECT_OBJC_ISA_USAGE = YES_ERROR;
				CLANG_WARN_EMPTY_BODY = YES;
				CLANG_WARN_ENUM_CONVERSION = YES;
				CLANG_WARN_INT_CONVERSION = YES;
				CLANG_WARN_OBJC_ROOT_CLASS = YES_ERROR;
				CLANG_WARN_UNREACHABLE_CODE = YES;
				CLANG_WARN__DUPLICATE_METHOD_MATCH = YES;
				"CODE_SIGN_IDENTITY[sdk=iphoneos*]" = "iPhone Developer";
				COPY_PHASE_STRIP = NO;
				DEBUG_INFORMATION_FORMAT = dwarf;
				ENABLE_STRICT_OBJC_MSGSEND = YES;
				ENABLE_TESTABILITY = YES;
				GCC_C_LANGUAGE_STANDARD = gnu99;
				GCC_DYNAMIC_NO_PIC = NO;
				GCC_NO_COMMON_BLOCKS = YES;
				GCC_OPTIMIZATION_LEVEL = 0;
				GCC_PREPROCESSOR_DEFINITIONS = (
					"DEBUG=1",
					"$(inherited)",
				);
				GCC_WARN_64_TO_32_BIT_CONVERSION = YES;
				GCC_WARN_ABOUT_RETURN_TYPE = YES_ERROR;
				GCC_WARN_UNDECLARED_SELECTOR = YES;
				GCC_WARN_UNINITIALIZED_AUTOS = YES_AGGRESSIVE;
				GCC_WARN_UNUSED_FUNCTION = YES;
				GCC_WARN_UNUSED_VARIABLE = YES;
				IPHONEOS_DEPLOYMENT_TARGET = 9.3;
				MTL_ENABLE_DEBUG_INFO = YES;
				ONLY_ACTIVE_ARCH = YES;
				SDKROOT = iphoneos;
				SWIFT_OPTIMIZATION_LEVEL = "-Onone";
				TARGETED_DEVICE_FAMILY = "1,2";
			};
			name = Debug;
		};
		C929D2961CB6126D00851272 /* Release */ = {
			isa = XCBuildConfiguration;
			buildSettings = {
				ALWAYS_SEARCH_USER_PATHS = NO;
				CLANG_ANALYZER_NONNULL = YES;
				CLANG_CXX_LANGUAGE_STANDARD = "gnu++0x";
				CLANG_CXX_LIBRARY = "libc++";
				CLANG_ENABLE_MODULES = YES;
				CLANG_ENABLE_OBJC_ARC = YES;
				CLANG_WARN_BOOL_CONVERSION = YES;
				CLANG_WARN_CONSTANT_CONVERSION = YES;
				CLANG_WARN_DIRECT_OBJC_ISA_USAGE = YES_ERROR;
				CLANG_WARN_EMPTY_BODY = YES;
				CLANG_WARN_ENUM_CONVERSION = YES;
				CLANG_WARN_INT_CONVERSION = YES;
				CLANG_WARN_OBJC_ROOT_CLASS = YES_ERROR;
				CLANG_WARN_UNREACHABLE_CODE = YES;
				CLANG_WARN__DUPLICATE_METHOD_MATCH = YES;
				"CODE_SIGN_IDENTITY[sdk=iphoneos*]" = "iPhone Developer";
				COPY_PHASE_STRIP = NO;
				DEBUG_INFORMATION_FORMAT = "dwarf-with-dsym";
				ENABLE_NS_ASSERTIONS = NO;
				ENABLE_STRICT_OBJC_MSGSEND = YES;
				GCC_C_LANGUAGE_STANDARD = gnu99;
				GCC_NO_COMMON_BLOCKS = YES;
				GCC_WARN_64_TO_32_BIT_CONVERSION = YES;
				GCC_WARN_ABOUT_RETURN_TYPE = YES_ERROR;
				GCC_WARN_UNDECLARED_SELECTOR = YES;
				GCC_WARN_UNINITIALIZED_AUTOS = YES_AGGRESSIVE;
				GCC_WARN_UNUSED_FUNCTION = YES;
				GCC_WARN_UNUSED_VARIABLE = YES;
				IPHONEOS_DEPLOYMENT_TARGET = 9.3;
				MTL_ENABLE_DEBUG_INFO = NO;
				SDKROOT = iphoneos;
				TARGETED_DEVICE_FAMILY = "1,2";
				VALIDATE_PRODUCT = YES;
			};
			name = Release;
		};
		C929D2981CB6126D00851272 /* Debug */ = {
			isa = XCBuildConfiguration;
			buildSettings = {
				ASSETCATALOG_COMPILER_APPICON_NAME = AppIcon;
				INFOPLIST_FILE = Assignment1/Info.plist;
				LD_RUNPATH_SEARCH_PATHS = "$(inherited) @executable_path/Frameworks";
				PRODUCT_BUNDLE_IDENTIFIER = au.edu.au.Assignment1;
				PRODUCT_NAME = "$(TARGET_NAME)";
			};
			name = Debug;
		};
		C929D2991CB6126D00851272 /* Release */ = {
			isa = XCBuildConfiguration;
			buildSettings = {
				ASSETCATALOG_COMPILER_APPICON_NAME = AppIcon;
				INFOPLIST_FILE = Assignment1/Info.plist;
				LD_RUNPATH_SEARCH_PATHS = "$(inherited) @executable_path/Frameworks";
				PRODUCT_BUNDLE_IDENTIFIER = au.edu.au.Assignment1;
				PRODUCT_NAME = "$(TARGET_NAME)";
			};
			name = Release;
		};
/* End XCBuildConfiguration section */

/* Begin XCConfigurationList section */
		C929D2801CB6126D00851272 /* Build configuration list for PBXProject "Assignment1" */ = {
			isa = XCConfigurationList;
			buildConfigurations = (
				C929D2951CB6126D00851272 /* Debug */,
				C929D2961CB6126D00851272 /* Release */,
			);
			defaultConfigurationIsVisible = 0;
			defaultConfigurationName = Release;
		};
		C929D2971CB6126D00851272 /* Build configuration list for PBXNativeTarget "Assignment1" */ = {
			isa = XCConfigurationList;
			buildConfigurations = (
				C929D2981CB6126D00851272 /* Debug */,
				C929D2991CB6126D00851272 /* Release */,
			);
			defaultConfigurationIsVisible = 0;
		};
/* End XCConfigurationList section */
	};
	rootObject = C929D27D1CB6126D00851272 /* Project object */;
}
